
Microsoft Visual Studio Solution File, Format Version 12.00
# Visual Studio Version 17
VisualStudioVersion = 17.0.32126.317
MinimumVisualStudioVersion = 10.0.40219.1
Project("{FAE04EC0-301F-11D3-BF4B-00C04F79EFBC}") = "BeFit_Server_API", "BeFit_Server_API.csproj", "{B60E57A5-D0A1-4EE9-BDD2-C817201871E4}"
EndProject
Global
	GlobalSection(SolutionConfigurationPlatforms) = preSolution
		Debug|Any CPU = Debug|Any CPU
		Release|Any CPU = Release|Any CPU
	EndGlobalSection
	GlobalSection(ProjectConfigurationPlatforms) = postSolution
		{B60E57A5-D0A1-4EE9-BDD2-C817201871E4}.Debug|Any CPU.ActiveCfg = Debug|Any CPU
		{B60E57A5-D0A1-4EE9-BDD2-C817201871E4}.Debug|Any CPU.Build.0 = Debug|Any CPU
		{B60E57A5-D0A1-4EE9-BDD2-C817201871E4}.Release|Any CPU.ActiveCfg = Release|Any CPU
		{B60E57A5-D0A1-4EE9-BDD2-C817201871E4}.Release|Any CPU.Build.0 = Release|Any CPU
	EndGlobalSection
	GlobalSection(SolutionProperties) = preSolution
		HideSolutionNode = FALSE
	EndGlobalSection
	GlobalSection(ExtensibilityGlobals) = postSolution
		SolutionGuid = {F6F8AA9E-503A-4C8E-A3C0-2F631BC7A976}
	EndGlobalSection
EndGlobal
